
Microsoft Visual Studio Solution File, Format Version 12.00
# Visual Studio Version 17
VisualStudioVersion = 17.8.34316.72
MinimumVisualStudioVersion = 10.0.40219.1
Project("{FAE04EC0-301F-11D3-BF4B-00C04F79EFBC}") = "Vektor_Mathematik", "Vektor_Mathematik\Vektor_Mathematik.csproj", "{933963E6-D320-4101-BF04-228479394704}"
EndProject
Global
	GlobalSection(SolutionConfigurationPlatforms) = preSolution
		Debug|Any CPU = Debug|Any CPU
		Release|Any CPU = Release|Any CPU
	EndGlobalSection
	GlobalSection(ProjectConfigurationPlatforms) = postSolution
		{933963E6-D320-4101-BF04-228479394704}.Debug|Any CPU.ActiveCfg = Debug|Any CPU
		{933963E6-D320-4101-BF04-228479394704}.Debug|Any CPU.Build.0 = Debug|Any CPU
		{933963E6-D320-4101-BF04-228479394704}.Release|Any CPU.ActiveCfg = Release|Any CPU
		{933963E6-D320-4101-BF04-228479394704}.Release|Any CPU.Build.0 = Release|Any CPU
	EndGlobalSection
	GlobalSection(SolutionProperties) = preSolution
		HideSolutionNode = FALSE
	EndGlobalSection
	GlobalSection(ExtensibilityGlobals) = postSolution
		SolutionGuid = {8C031965-291D-4BA0-B265-C8DC21085696}
	EndGlobalSection
EndGlobal
